Microsoft Visual Studio Solution File, Format Version 12.00
# Visual Studio Version 17
VisualStudioVersion = 17.5.2.0
MinimumVisualStudioVersion = 10.0.40219.1
Project("{FAE04EC0-301F-11D3-BF4B-00C04F79EFBC}") = "AppSaldo", "AppSaldo.csproj", "{C081ACB8-55DA-5812-5554-130E2C8E172A}"
EndProject
Global
	GlobalSection(SolutionConfigurationPlatforms) = preSolution
		Debug|Any CPU = Debug|Any CPU
		Release|Any CPU = Release|Any CPU
	EndGlobalSection
	GlobalSection(ProjectConfigurationPlatforms) = postSolution
		{C081ACB8-55DA-5812-5554-130E2C8E172A}.Debug|Any CPU.ActiveCfg = Debug|Any CPU
		{C081ACB8-55DA-5812-5554-130E2C8E172A}.Debug|Any CPU.Build.0 = Debug|Any CPU
		{C081ACB8-55DA-5812-5554-130E2C8E172A}.Release|Any CPU.ActiveCfg = Release|Any CPU
		{C081ACB8-55DA-5812-5554-130E2C8E172A}.Release|Any CPU.Build.0 = Release|Any CPU
	EndGlobalSection
	GlobalSection(SolutionProperties) = preSolution
		HideSolutionNode = FALSE
	EndGlobalSection
	GlobalSection(ExtensibilityGlobals) = postSolution
		SolutionGuid = {ED1F0073-0D78-4F54-9CA8-3319AE9FEF12}
	EndGlobalSection
EndGlobal
